<Solution>
  <Folder Name="/.config/">
    <File Path="nuget.config" />
  </Folder>
  <Folder Name="/app/">
    <Project Path="app/admin/Re.Shop.Admin.csproj" />
    <Project Path="app/api/Re.Shop.Api.csproj" />
  </Folder>
  <Folder Name="/aspire/">
    <Project Path="aspire/Re.AppHost/Re.AppHost.csproj" />
    <Project Path="aspire/Re.ServiceDefaults/Re.ServiceDefaults.csproj" />
  </Folder>
  <Folder Name="/src/">
    <Project Path="src/Re.Shop.Application/Re.Shop.Application.csproj" />
    <Project Path="src/Re.Shop.Contracts/Re.Shop.Contracts.csproj" />
    <Project Path="src/Re.Shop.Domain/Re.Shop.Domain.csproj" />
    <Project Path="src/Re.Shop.Infrastructure/Re.Shop.Infrastructure.csproj" />
    <Project Path="src/Re.Shop.SharedKernel/Re.Shop.SharedKernel.csproj" />
  </Folder>
  <Folder Name="/tests/">
    <Project Path="tests/Re.Shop.Application.UnitTests/Re.Shop.Application.UnitTests.csproj" />
    <Project Path="tests/Re.Shop.ArchitectureTests/Re.Shop.ArchitectureTests.csproj" />
    <Project Path="tests/Re.Shop.Domain.UnitTests/Re.Shop.Domain.UnitTests.csproj" />
    <Project Path="tests/Re.Shop.IntegrationTests/Re.Shop.IntegrationTests.csproj" />
    <Project Path="tests/Re.Shop.SharedKernel.UnitTests/Re.Shop.SharedKernel.UnitTests.csproj" />
  </Folder>
</Solution>
