<Solution>
  <Folder Name="/src/" />
  <Folder Name="/src/BuildingBlocks/">
    <Project Path="src/BuildingBlocks/BuildingBlock.Domain/BuildingBlock.Domain.csproj" />
    <Project Path="src/BuildingBlocks/BuildingBlock.Kernel/BuildingBlock.Kernel.csproj" />
  </Folder>
  <Folder Name="/tests/" />
  <Folder Name="/tests/BuildingBlocks/">
    <Project Path="tests/BuildingBlocks/BuildingBlock.Domain.UnitTest/BuildingBlock.Domain.UnitTest.csproj" />
    <Project Path="tests/BuildingBlocks/BuildingBlock.Kernel.UnitTest/BuildingBlock.Kernel.UnitTest.csproj" />
  </Folder>
</Solution>
